
Microsoft Visual Studio Solution File, Format Version 12.00
# Visual Studio Version 16
VisualStudioVersion = 16.0.31829.152
MinimumVisualStudioVersion = 10.0.40219.1
Project("{FAE04EC0-301F-11D3-BF4B-00C04F79EFBC}") = "Mohammad_Ali_Walid_lab8", "Mohammad_Ali_Walid_lab8.csproj", "{3634E4CC-19BC-4F8A-BC91-B94B1A2FDD32}"
EndProject
Global
	GlobalSection(SolutionConfigurationPlatforms) = preSolution
		Debug|Any CPU = Debug|Any CPU
		Release|Any CPU = Release|Any CPU
	EndGlobalSection
	GlobalSection(ProjectConfigurationPlatforms) = postSolution
		{3634E4CC-19BC-4F8A-BC91-B94B1A2FDD32}.Debug|Any CPU.ActiveCfg = Debug|Any CPU
		{3634E4CC-19BC-4F8A-BC91-B94B1A2FDD32}.Debug|Any CPU.Build.0 = Debug|Any CPU
		{3634E4CC-19BC-4F8A-BC91-B94B1A2FDD32}.Release|Any CPU.ActiveCfg = Release|Any CPU
		{3634E4CC-19BC-4F8A-BC91-B94B1A2FDD32}.Release|Any CPU.Build.0 = Release|Any CPU
	EndGlobalSection
	GlobalSection(SolutionProperties) = preSolution
		HideSolutionNode = FALSE
	EndGlobalSection
	GlobalSection(ExtensibilityGlobals) = postSolution
		SolutionGuid = {F0C21E13-7982-49B0-8495-765E916E1FA2}
	EndGlobalSection
EndGlobal
